
Microsoft Visual Studio Solution File, Format Version 12.00
# Visual Studio 2012
Project("{8BC9CEB8-8B4A-11D0-8D11-00A0C91BC942}") = "TNA", "TNA\TNA.vcxproj", "{4793BF3A-4BE4-4FAF-B28A-18AD21781979}"
EndProject
Project("{8BC9CEB8-8B4A-11D0-8D11-00A0C91BC942}") = "TNADriver", "TNADriver\TNADriver.vcxproj", "{E9C9ACF4-5034-4E8B-9410-517263EDF0DF}"
	ProjectSection(ProjectDependencies) = postProject
		{4793BF3A-4BE4-4FAF-B28A-18AD21781979} = {4793BF3A-4BE4-4FAF-B28A-18AD21781979}
	EndProjectSection
EndProject
Global
	GlobalSection(SolutionConfigurationPlatforms) = preSolution
		Debug|Mixed Platforms = Debug|Mixed Platforms
		Debug|Win32 = Debug|Win32
		Debug|x64 = Debug|x64
		Release|Mixed Platforms = Release|Mixed Platforms
		Release|Win32 = Release|Win32
		Release|x64 = Release|x64
	EndGlobalSection
	GlobalSection(ProjectConfigurationPlatforms) = postSolution
		{4793BF3A-4BE4-4FAF-B28A-18AD21781979}.Debug|Mixed Platforms.ActiveCfg = Debug|Win32
		{4793BF3A-4BE4-4FAF-B28A-18AD21781979}.Debug|Mixed Platforms.Build.0 = Debug|Win32
		{4793BF3A-4BE4-4FAF-B28A-18AD21781979}.Debug|Win32.ActiveCfg = Debug|Win32
		{4793BF3A-4BE4-4FAF-B28A-18AD21781979}.Debug|Win32.Build.0 = Debug|Win32
		{4793BF3A-4BE4-4FAF-B28A-18AD21781979}.Debug|x64.ActiveCfg = Debug|x64
		{4793BF3A-4BE4-4FAF-B28A-18AD21781979}.Debug|x64.Build.0 = Debug|x64
		{4793BF3A-4BE4-4FAF-B28A-18AD21781979}.Release|Mixed Platforms.ActiveCfg = Release|Win32
		{4793BF3A-4BE4-4FAF-B28A-18AD21781979}.Release|Mixed Platforms.Build.0 = Release|Win32
		{4793BF3A-4BE4-4FAF-B28A-18AD21781979}.Release|Win32.ActiveCfg = Release|Win32
		{4793BF3A-4BE4-4FAF-B28A-18AD21781979}.Release|Win32.Build.0 = Release|Win32
		{4793BF3A-4BE4-4FAF-B28A-18AD21781979}.Release|x64.ActiveCfg = Release|x64
		{4793BF3A-4BE4-4FAF-B28A-18AD21781979}.Release|x64.Build.0 = Release|x64
		{E9C9ACF4-5034-4E8B-9410-517263EDF0DF}.Debug|Mixed Platforms.ActiveCfg = Debug|Win32
		{E9C9ACF4-5034-4E8B-9410-517263EDF0DF}.Debug|Mixed Platforms.Build.0 = Debug|Win32
		{E9C9ACF4-5034-4E8B-9410-517263EDF0DF}.Debug|Win32.ActiveCfg = Debug|Win32
		{E9C9ACF4-5034-4E8B-9410-517263EDF0DF}.Debug|Win32.Build.0 = Debug|Win32
		{E9C9ACF4-5034-4E8B-9410-517263EDF0DF}.Debug|x64.ActiveCfg = Debug|Win32
		{E9C9ACF4-5034-4E8B-9410-517263EDF0DF}.Release|Mixed Platforms.ActiveCfg = Release|Win32
		{E9C9ACF4-5034-4E8B-9410-517263EDF0DF}.Release|Mixed Platforms.Build.0 = Release|Win32
		{E9C9ACF4-5034-4E8B-9410-517263EDF0DF}.Release|Win32.ActiveCfg = Release|Win32
		{E9C9ACF4-5034-4E8B-9410-517263EDF0DF}.Release|Win32.Build.0 = Release|Win32
		{E9C9ACF4-5034-4E8B-9410-517263EDF0DF}.Release|x64.ActiveCfg = Release|x64
		{E9C9ACF4-5034-4E8B-9410-517263EDF0DF}.Release|x64.Build.0 = Release|x64
	EndGlobalSection
	GlobalSection(SolutionProperties) = preSolution
		HideSolutionNode = FALSE
	EndGlobalSection
EndGlobal
